
Microsoft Visual Studio Solution File, Format Version 12.00
# Visual Studio Version 16
VisualStudioVersion = 16.0.29519.87
MinimumVisualStudioVersion = 10.0.40219.1
Project("{FAE04EC0-301F-11D3-BF4B-00C04F79EFBC}") = "Linq", "Linq.csproj", "{0D4D3029-9582-41D9-82AA-F6548A022F45}"
EndProject
Global
	GlobalSection(SolutionConfigurationPlatforms) = preSolution
		Debug|Any CPU = Debug|Any CPU
		Release|Any CPU = Release|Any CPU
	EndGlobalSection
	GlobalSection(ProjectConfigurationPlatforms) = postSolution
		{0D4D3029-9582-41D9-82AA-F6548A022F45}.Debug|Any CPU.ActiveCfg = Debug|Any CPU
		{0D4D3029-9582-41D9-82AA-F6548A022F45}.Debug|Any CPU.Build.0 = Debug|Any CPU
		{0D4D3029-9582-41D9-82AA-F6548A022F45}.Release|Any CPU.ActiveCfg = Release|Any CPU
		{0D4D3029-9582-41D9-82AA-F6548A022F45}.Release|Any CPU.Build.0 = Release|Any CPU
	EndGlobalSection
	GlobalSection(SolutionProperties) = preSolution
		HideSolutionNode = FALSE
	EndGlobalSection
	GlobalSection(ExtensibilityGlobals) = postSolution
		SolutionGuid = {16C3B25A-8303-4FC7-B7E4-7FBBB1C1AAB6}
	EndGlobalSection
EndGlobal
